{
  "name": "expresssecurityaddsafeitem",
  "version": "2.0.0",
  "lockfileVersion": 2,
  "requires": true,
  "packages": {
    "": {
      "name": "expresssecurityaddsafeitem",
      "version": "2.0.0",
      "license": "Apache-2.0",
      "dependencies": {
        "crypto": "^1.0.1",
        "ksuid": "^3.0.0"
      },
      "devDependencies": {
        "@types/aws-lambda": "^8.10.92"
      }
    },
    "node_modules/@types/aws-lambda": {
      "version": "8.10.101",
      "resolved": "https://registry.npmjs.org/@types/aws-lambda/-/aws-lambda-8.10.101.tgz",
      "integrity": "sha512-84geGyVc0H9P9aGbcg/vkDh5akJq0bEf3tizHNR2d1gcm0wsp9IZ/SW6rPxvgjJFi3OeVxDc8WTKCAjoZbogzg==",
      "dev": true
    },
    "node_modules/base-convert-int-array": {
      "version": "1.0.1",
      "resolved": "https://registry.npmjs.org/base-convert-int-array/-/base-convert-int-array-1.0.1.tgz",
      "integrity": "sha512-NWqzaoXx8L/SS32R+WmKqnQkVXVYl2PwNJ68QV3RAlRRL1uV+yxJT66abXI1cAvqCXQTyXr7/9NN4Af90/zDVw=="
    },
    "node_modules/crypto": {
      "version": "1.0.1",
      "resolved": "https://registry.npmjs.org/crypto/-/crypto-1.0.1.tgz",
      "integrity": "sha512-VxBKmeNcqQdiUQUW2Tzq0t377b54N2bMtXO/qiLa+6eRRmmC4qT3D4OnTGoT/U6O9aklQ/jTwbOtRMTTY8G0Ig==",
      "deprecated": "This package is no longer supported. It's now a built-in Node module. If you've depended on crypto, you should switch to the one that's built-in."
    },
    "node_modules/ksuid": {
      "version": "3.0.0",
      "resolved": "https://registry.npmjs.org/ksuid/-/ksuid-3.0.0.tgz",
      "integrity": "sha512-81CkBGn/06ZVAjGvFZi6fVG8VcPeMH0JpJ4V1Z9VwrMMaGIeAjY4jrVdrIcxhL9I2ZUU6t5uiyswcmkk+KZegA==",
      "dependencies": {
        "base-convert-int-array": "^1.0.1"
      }
    }
  },
  "dependencies": {
    "@types/aws-lambda": {
      "version": "8.10.101",
      "resolved": "https://registry.npmjs.org/@types/aws-lambda/-/aws-lambda-8.10.101.tgz",
      "integrity": "sha512-84geGyVc0H9P9aGbcg/vkDh5akJq0bEf3tizHNR2d1gcm0wsp9IZ/SW6rPxvgjJFi3OeVxDc8WTKCAjoZbogzg==",
      "dev": true
    },
    "base-convert-int-array": {
      "version": "1.0.1",
      "resolved": "https://registry.npmjs.org/base-convert-int-array/-/base-convert-int-array-1.0.1.tgz",
      "integrity": "sha512-NWqzaoXx8L/SS32R+WmKqnQkVXVYl2PwNJ68QV3RAlRRL1uV+yxJT66abXI1cAvqCXQTyXr7/9NN4Af90/zDVw=="
    },
    "crypto": {
      "version": "1.0.1",
      "resolved": "https://registry.npmjs.org/crypto/-/crypto-1.0.1.tgz",
      "integrity": "sha512-VxBKmeNcqQdiUQUW2Tzq0t377b54N2bMtXO/qiLa+6eRRmmC4qT3D4OnTGoT/U6O9aklQ/jTwbOtRMTTY8G0Ig=="
    },
    "ksuid": {
      "version": "3.0.0",
      "resolved": "https://registry.npmjs.org/ksuid/-/ksuid-3.0.0.tgz",
      "integrity": "sha512-81CkBGn/06ZVAjGvFZi6fVG8VcPeMH0JpJ4V1Z9VwrMMaGIeAjY4jrVdrIcxhL9I2ZUU6t5uiyswcmkk+KZegA==",
      "requires": {
        "base-convert-int-array": "^1.0.1"
      }
    }
  }
}
